
Microsoft Visual Studio Solution File, Format Version 12.00
# Visual Studio Version 16
VisualStudioVersion = 16.0.29728.190
MinimumVisualStudioVersion = 10.0.40219.1
Project("{2150E333-8FDC-42A3-9474-1A3956D46DE8}") = "Services", "Services", "{493FA16C-5FCC-4A98-95E6-8A20736E101C}"
EndProject
Project("{2150E333-8FDC-42A3-9474-1A3956D46DE8}") = "WebApps", "WebApps", "{F6FD9280-E099-4D12-A2B5-FDF79C9D6FB8}"
EndProject
Project("{2150E333-8FDC-42A3-9474-1A3956D46DE8}") = "Cadastros", "Cadastros", "{A1546D6C-BD0A-4BE0-B44F-69C7CDD0FC3D}"
EndProject
Project("{2150E333-8FDC-42A3-9474-1A3956D46DE8}") = "Catalogo", "Catalogo", "{B12835F2-87FB-4305-A37A-F74FCB01B309}"
EndProject
Project("{2150E333-8FDC-42A3-9474-1A3956D46DE8}") = "Vendas", "Vendas", "{72DF5D7D-7F2C-45B5-9923-9A0DE36DE5EE}"
EndProject
Project("{2150E333-8FDC-42A3-9474-1A3956D46DE8}") = "Core", "Core", "{EC2A18A5-B8D3-4C18-8142-EF53579D4F8E}"
EndProject
Project("{2150E333-8FDC-42A3-9474-1A3956D46DE8}") = "Fiscal", "Fiscal", "{1E86BE01-5AF2-480C-B2B0-87044D02CDF0}"
EndProject
Project("{2150E333-8FDC-42A3-9474-1A3956D46DE8}") = "Pagamentos", "Pagamentos", "{55EAEC50-1928-4313-A037-88CE646A2B5B}"
EndProject
Project("{9A19103F-16F7-4668-BE54-9A1E7A4F7556}") = "NerdStore.Core", "src\NerdStore.Core\NerdStore.Core.csproj", "{DED8058E-5AC2-4881-8148-11EB96DBD8AD}"
EndProject
Project("{2150E333-8FDC-42A3-9474-1A3956D46DE8}") = "Tests", "Tests", "{1BF23CD0-8AEF-4909-AC8D-2C998DB3CE0B}"
EndProject
Project("{9A19103F-16F7-4668-BE54-9A1E7A4F7556}") = "NerdStore.Catalogo.Domain.Tests", "tests\NerdStore.Catalogo.Domain.Tests\NerdStore.Catalogo.Domain.Tests.csproj", "{19094788-E963-43E3-92B1-7A31C1309106}"
EndProject
Project("{9A19103F-16F7-4668-BE54-9A1E7A4F7556}") = "NerdStore.Catalogo.Domain", "src\NerdStore.Catalogo.Domain\NerdStore.Catalogo.Domain.csproj", "{1E25DC60-5382-40A5-8B31-DD7906C2D54C}"
EndProject
Project("{9A19103F-16F7-4668-BE54-9A1E7A4F7556}") = "NerdStore.Catalogo.Data", "src\NerdStore.Catalogo.Data\NerdStore.Catalogo.Data.csproj", "{861B4B40-1E77-4ABB-BE6C-0B9784B21DAA}"
EndProject
Project("{9A19103F-16F7-4668-BE54-9A1E7A4F7556}") = "NerdStore.Catalogo.Application", "src\NerdStore.Catalogo.Application\NerdStore.Catalogo.Application.csproj", "{C9D0F7AD-F117-46AA-8638-A93306763EFD}"
EndProject
Project("{FAE04EC0-301F-11D3-BF4B-00C04F79EFBC}") = "NerdStore.WebApps.MVC", "src\NerdStore.WebApps.MVC\NerdStore.WebApps.MVC.csproj", "{A485233D-D785-4876-99EA-C60A042DA816}"
EndProject
Global
	GlobalSection(SolutionConfigurationPlatforms) = preSolution
		Debug|Any CPU = Debug|Any CPU
		Release|Any CPU = Release|Any CPU
	EndGlobalSection
	GlobalSection(ProjectConfigurationPlatforms) = postSolution
		{DED8058E-5AC2-4881-8148-11EB96DBD8AD}.Debug|Any CPU.ActiveCfg = Debug|Any CPU
		{DED8058E-5AC2-4881-8148-11EB96DBD8AD}.Debug|Any CPU.Build.0 = Debug|Any CPU
		{DED8058E-5AC2-4881-8148-11EB96DBD8AD}.Release|Any CPU.ActiveCfg = Release|Any CPU
		{DED8058E-5AC2-4881-8148-11EB96DBD8AD}.Release|Any CPU.Build.0 = Release|Any CPU
		{19094788-E963-43E3-92B1-7A31C1309106}.Debug|Any CPU.ActiveCfg = Debug|Any CPU
		{19094788-E963-43E3-92B1-7A31C1309106}.Debug|Any CPU.Build.0 = Debug|Any CPU
		{19094788-E963-43E3-92B1-7A31C1309106}.Release|Any CPU.ActiveCfg = Release|Any CPU
		{19094788-E963-43E3-92B1-7A31C1309106}.Release|Any CPU.Build.0 = Release|Any CPU
		{1E25DC60-5382-40A5-8B31-DD7906C2D54C}.Debug|Any CPU.ActiveCfg = Debug|Any CPU
		{1E25DC60-5382-40A5-8B31-DD7906C2D54C}.Debug|Any CPU.Build.0 = Debug|Any CPU
		{1E25DC60-5382-40A5-8B31-DD7906C2D54C}.Release|Any CPU.ActiveCfg = Release|Any CPU
		{1E25DC60-5382-40A5-8B31-DD7906C2D54C}.Release|Any CPU.Build.0 = Release|Any CPU
		{861B4B40-1E77-4ABB-BE6C-0B9784B21DAA}.Debug|Any CPU.ActiveCfg = Debug|Any CPU
		{861B4B40-1E77-4ABB-BE6C-0B9784B21DAA}.Debug|Any CPU.Build.0 = Debug|Any CPU
		{861B4B40-1E77-4ABB-BE6C-0B9784B21DAA}.Release|Any CPU.ActiveCfg = Release|Any CPU
		{861B4B40-1E77-4ABB-BE6C-0B9784B21DAA}.Release|Any CPU.Build.0 = Release|Any CPU
		{C9D0F7AD-F117-46AA-8638-A93306763EFD}.Debug|Any CPU.ActiveCfg = Debug|Any CPU
		{C9D0F7AD-F117-46AA-8638-A93306763EFD}.Debug|Any CPU.Build.0 = Debug|Any CPU
		{C9D0F7AD-F117-46AA-8638-A93306763EFD}.Release|Any CPU.ActiveCfg = Release|Any CPU
		{C9D0F7AD-F117-46AA-8638-A93306763EFD}.Release|Any CPU.Build.0 = Release|Any CPU
		{A485233D-D785-4876-99EA-C60A042DA816}.Debug|Any CPU.ActiveCfg = Debug|Any CPU
		{A485233D-D785-4876-99EA-C60A042DA816}.Debug|Any CPU.Build.0 = Debug|Any CPU
		{A485233D-D785-4876-99EA-C60A042DA816}.Release|Any CPU.ActiveCfg = Release|Any CPU
		{A485233D-D785-4876-99EA-C60A042DA816}.Release|Any CPU.Build.0 = Release|Any CPU
	EndGlobalSection
	GlobalSection(SolutionProperties) = preSolution
		HideSolutionNode = FALSE
	EndGlobalSection
	GlobalSection(NestedProjects) = preSolution
		{A1546D6C-BD0A-4BE0-B44F-69C7CDD0FC3D} = {493FA16C-5FCC-4A98-95E6-8A20736E101C}
		{B12835F2-87FB-4305-A37A-F74FCB01B309} = {493FA16C-5FCC-4A98-95E6-8A20736E101C}
		{72DF5D7D-7F2C-45B5-9923-9A0DE36DE5EE} = {493FA16C-5FCC-4A98-95E6-8A20736E101C}
		{EC2A18A5-B8D3-4C18-8142-EF53579D4F8E} = {493FA16C-5FCC-4A98-95E6-8A20736E101C}
		{1E86BE01-5AF2-480C-B2B0-87044D02CDF0} = {493FA16C-5FCC-4A98-95E6-8A20736E101C}
		{55EAEC50-1928-4313-A037-88CE646A2B5B} = {493FA16C-5FCC-4A98-95E6-8A20736E101C}
		{DED8058E-5AC2-4881-8148-11EB96DBD8AD} = {EC2A18A5-B8D3-4C18-8142-EF53579D4F8E}
		{1BF23CD0-8AEF-4909-AC8D-2C998DB3CE0B} = {B12835F2-87FB-4305-A37A-F74FCB01B309}
		{19094788-E963-43E3-92B1-7A31C1309106} = {1BF23CD0-8AEF-4909-AC8D-2C998DB3CE0B}
		{1E25DC60-5382-40A5-8B31-DD7906C2D54C} = {B12835F2-87FB-4305-A37A-F74FCB01B309}
		{861B4B40-1E77-4ABB-BE6C-0B9784B21DAA} = {B12835F2-87FB-4305-A37A-F74FCB01B309}
		{C9D0F7AD-F117-46AA-8638-A93306763EFD} = {B12835F2-87FB-4305-A37A-F74FCB01B309}
		{A485233D-D785-4876-99EA-C60A042DA816} = {F6FD9280-E099-4D12-A2B5-FDF79C9D6FB8}
	EndGlobalSection
	GlobalSection(ExtensibilityGlobals) = postSolution
		SolutionGuid = {5AAD975C-FEA4-45AA-B455-4D0D720F8E2C}
	EndGlobalSection
EndGlobal
